
Microsoft Visual Studio Solution File, Format Version 12.00
# Visual Studio 15
VisualStudioVersion = 15.0.28307.852
MinimumVisualStudioVersion = 10.0.40219.1
Project("{FAE04EC0-301F-11D3-BF4B-00C04F79EFBC}") = "BarcodeGen", "BarcodeGen\BarcodeGen.csproj", "{694E24E3-007E-463A-9127-1175C7C23E03}"
EndProject
Project("{FAE04EC0-301F-11D3-BF4B-00C04F79EFBC}") = "LabelPrinting", "LabelPrinting\LabelPrinting.csproj", "{1841D290-0140-4CFF-9843-EA44786262D0}"
EndProject
Global
	GlobalSection(SolutionConfigurationPlatforms) = preSolution
		CD_ROM|Any CPU = CD_ROM|Any CPU
		Debug|Any CPU = Debug|Any CPU
		DVD-5|Any CPU = DVD-5|Any CPU
		Release|Any CPU = Release|Any CPU
		SingleImage|Any CPU = SingleImage|Any CPU
	EndGlobalSection
	GlobalSection(ProjectConfigurationPlatforms) = postSolution
		{694E24E3-007E-463A-9127-1175C7C23E03}.CD_ROM|Any CPU.ActiveCfg = Release|Any CPU
		{694E24E3-007E-463A-9127-1175C7C23E03}.CD_ROM|Any CPU.Build.0 = Release|Any CPU
		{694E24E3-007E-463A-9127-1175C7C23E03}.Debug|Any CPU.ActiveCfg = Debug|Any CPU
		{694E24E3-007E-463A-9127-1175C7C23E03}.Debug|Any CPU.Build.0 = Debug|Any CPU
		{694E24E3-007E-463A-9127-1175C7C23E03}.DVD-5|Any CPU.ActiveCfg = Debug|Any CPU
		{694E24E3-007E-463A-9127-1175C7C23E03}.DVD-5|Any CPU.Build.0 = Debug|Any CPU
		{694E24E3-007E-463A-9127-1175C7C23E03}.Release|Any CPU.ActiveCfg = Release|Any CPU
		{694E24E3-007E-463A-9127-1175C7C23E03}.Release|Any CPU.Build.0 = Release|Any CPU
		{694E24E3-007E-463A-9127-1175C7C23E03}.SingleImage|Any CPU.ActiveCfg = Release|Any CPU
		{694E24E3-007E-463A-9127-1175C7C23E03}.SingleImage|Any CPU.Build.0 = Release|Any CPU
		{1841D290-0140-4CFF-9843-EA44786262D0}.CD_ROM|Any CPU.ActiveCfg = Release|Any CPU
		{1841D290-0140-4CFF-9843-EA44786262D0}.CD_ROM|Any CPU.Build.0 = Release|Any CPU
		{1841D290-0140-4CFF-9843-EA44786262D0}.Debug|Any CPU.ActiveCfg = Debug|Any CPU
		{1841D290-0140-4CFF-9843-EA44786262D0}.Debug|Any CPU.Build.0 = Debug|Any CPU
		{1841D290-0140-4CFF-9843-EA44786262D0}.DVD-5|Any CPU.ActiveCfg = Debug|Any CPU
		{1841D290-0140-4CFF-9843-EA44786262D0}.DVD-5|Any CPU.Build.0 = Debug|Any CPU
		{1841D290-0140-4CFF-9843-EA44786262D0}.Release|Any CPU.ActiveCfg = Release|Any CPU
		{1841D290-0140-4CFF-9843-EA44786262D0}.Release|Any CPU.Build.0 = Release|Any CPU
		{1841D290-0140-4CFF-9843-EA44786262D0}.SingleImage|Any CPU.ActiveCfg = Release|Any CPU
		{1841D290-0140-4CFF-9843-EA44786262D0}.SingleImage|Any CPU.Build.0 = Release|Any CPU
	EndGlobalSection
	GlobalSection(SolutionProperties) = preSolution
		HideSolutionNode = FALSE
	EndGlobalSection
	GlobalSection(ExtensibilityGlobals) = postSolution
		SolutionGuid = {59BD8121-F746-4023-B686-D811C3F79DE1}
	EndGlobalSection
EndGlobal
